// !$*UTF8*$!
{
	archiveVersion = 1;
	classes = {
	};
	objectVersion = 46;
	objects = {

/* Begin PBXBuildFile section */
		9A2C0123193B70AE00F72561 /* Foundation.framework in Frameworks */ = {isa = PBXBuildFile; fileRef = 9A2C0122193B70AE00F72561 /* Foundation.framework */; };
		9A2C0125193B70AE00F72561 /* CoreGraphics.framework in Frameworks */ = {isa = PBXBuildFile; fileRef = 9A2C0124193B70AE00F72561 /* CoreGraphics.framework */; };
		9A2C0127193B70AE00F72561 /* UIKit.framework in Frameworks */ = {isa = PBXBuildFile; fileRef = 9A2C0126193B70AE00F72561 /* UIKit.framework */; };
		9A2C012D193B70AE00F72561 /* InfoPlist.strings in Resources */ = {isa = PBXBuildFile; fileRef = 9A2C012B193B70AE00F72561 /* InfoPlist.strings */; };
		9A2C012F193B70AE00F72561 /* main.m in Sources */ = {isa = PBXBuildFile; fileRef = 9A2C012E193B70AE00F72561 /* main.m */; };
		9A2C0133193B70AE00F72561 /* WATAppDelegate.m in Sources */ = {isa = PBXBuildFile; fileRef = 9A2C0132193B70AE00F72561 /* WATAppDelegate.m */; };
		9A2C0136193B70AE00F72561 /* Main.storyboard in Resources */ = {isa = PBXBuildFile; fileRef = 9A2C0134193B70AE00F72561 /* Main.storyboard */; };
		9A2C013B193B70AE00F72561 /* Images.xcassets in Resources */ = {isa = PBXBuildFile; fileRef = 9A2C013A193B70AE00F72561 /* Images.xcassets */; };
		9A2C0142193B70AE00F72561 /* XCTest.framework in Frameworks */ = {isa = PBXBuildFile; fileRef = 9A2C0141193B70AE00F72561 /* XCTest.framework */; };
		9A2C0143193B70AE00F72561 /* Foundation.framework in Frameworks */ = {isa = PBXBuildFile; fileRef = 9A2C0122193B70AE00F72561 /* Foundation.framework */; };
		9A2C0144193B70AE00F72561 /* UIKit.framework in Frameworks */ = {isa = PBXBuildFile; fileRef = 9A2C0126193B70AE00F72561 /* UIKit.framework */; };
		9A2C014C193B70AE00F72561 /* InfoPlist.strings in Resources */ = {isa = PBXBuildFile; fileRef = 9A2C014A193B70AE00F72561 /* InfoPlist.strings */; };
		9A2C014E193B70AE00F72561 /* WorkAngelTestTests.m in Sources */ = {isa = PBXBuildFile; fileRef = 9A2C014D193B70AE00F72561 /* WorkAngelTestTests.m */; };
		9A2C0159193B72BA00F72561 /* Model.xcdatamodeld in Sources */ = {isa = PBXBuildFile; fileRef = 9A2C0157193B72BA00F72561 /* Model.xcdatamodeld */; };
		9A2C016F193B7A3900F72561 /* Location.m in Sources */ = {isa = PBXBuildFile; fileRef = 9A2C016E193B7A3900F72561 /* Location.m */; };
		9A2C0172193B7A3900F72561 /* BoardingCard.m in Sources */ = {isa = PBXBuildFile; fileRef = 9A2C0171193B7A3900F72561 /* BoardingCard.m */; };
/* End PBXBuildFile section */

/* Begin PBXContainerItemProxy section */
		9A2C0145193B70AE00F72561 /* PBXContainerItemProxy */ = {
			isa = PBXContainerItemProxy;
			containerPortal = 9A2C0117193B70AE00F72561 /* Project object */;
			proxyType = 1;
			remoteGlobalIDString = 9A2C011E193B70AE00F72561;
			remoteInfo = WorkAngelTest;
		};
/* End PBXContainerItemProxy section */

/* Begin PBXFileReference section */
		9A2C011F193B70AE00F72561 /* WorkAngelTest.app */ = {isa = PBXFileReference; explicitFileType = wrapper.application; includeInIndex = 0; path = WorkAngelTest.app; sourceTree = BUILT_PRODUCTS_DIR; };
		9A2C0122193B70AE00F72561 /* Foundation.framework */ = {isa = PBXFileReference; lastKnownFileType = wrapper.framework; name = Foundation.framework; path = System/Library/Frameworks/Foundation.framework; sourceTree = SDKROOT; };
		9A2C0124193B70AE00F72561 /* CoreGraphics.framework */ = {isa = PBXFileReference; lastKnownFileType = wrapper.framework; name = CoreGraphics.framework; path = System/Library/Frameworks/CoreGraphics.framework; sourceTree = SDKROOT; };
		9A2C0126193B70AE00F72561 /* UIKit.framework */ = {isa = PBXFileReference; lastKnownFileType = wrapper.framework; name = UIKit.framework; path = System/Library/Frameworks/UIKit.framework; sourceTree = SDKROOT; };
		9A2C012A193B70AE00F72561 /* WorkAngelTest-Info.plist */ = {isa = PBXFileReference; lastKnownFileType = text.plist.xml; path = "WorkAngelTest-Info.plist"; sourceTree = "<group>"; };
		9A2C012C193B70AE00F72561 /* en */ = {isa = PBXFileReference; lastKnownFileType = text.plist.strings; name = en; path = en.lproj/InfoPlist.strings; sourceTree = "<group>"; };
		9A2C012E193B70AE00F72561 /* main.m */ = {isa = PBXFileReference; lastKnownFileType = sourcecode.c.objc; path = main.m; sourceTree = "<group>"; };
		9A2C0130193B70AE00F72561 /* WorkAngelTest-Prefix.pch */ = {isa = PBXFileReference; lastKnownFileType = sourcecode.c.h; path = "WorkAngelTest-Prefix.pch"; sourceTree = "<group>"; };
		9A2C0131193B70AE00F72561 /* WATAppDelegate.h */ = {isa = PBXFileReference; lastKnownFileType = sourcecode.c.h; path = WATAppDelegate.h; sourceTree = "<group>"; };
		9A2C0132193B70AE00F72561 /* WATAppDelegate.m */ = {isa = PBXFileReference; lastKnownFileType = sourcecode.c.objc; path = WATAppDelegate.m; sourceTree = "<group>"; };
		9A2C0135193B70AE00F72561 /* Base */ = {isa = PBXFileReference; lastKnownFileType = file.storyboard; name = Base; path = Base.lproj/Main.storyboard; sourceTree = "<group>"; };
		9A2C013A193B70AE00F72561 /* Images.xcassets */ = {isa = PBXFileReference; lastKnownFileType = folder.assetcatalog; path = Images.xcassets; sourceTree = "<group>"; };
		9A2C0140193B70AE00F72561 /* WorkAngelTestTests.xctest */ = {isa = PBXFileReference; explicitFileType = wrapper.cfbundle; includeInIndex = 0; path = WorkAngelTestTests.xctest; sourceTree = BUILT_PRODUCTS_DIR; };
		9A2C0141193B70AE00F72561 /* XCTest.framework */ = {isa = PBXFileReference; lastKnownFileType = wrapper.framework; name = XCTest.framework; path = Library/Frameworks/XCTest.framework; sourceTree = DEVELOPER_DIR; };
		9A2C0149193B70AE00F72561 /* WorkAngelTestTests-Info.plist */ = {isa = PBXFileReference; lastKnownFileType = text.plist.xml; path = "WorkAngelTestTests-Info.plist"; sourceTree = "<group>"; };
		9A2C014B193B70AE00F72561 /* en */ = {isa = PBXFileReference; lastKnownFileType = text.plist.strings; name = en; path = en.lproj/InfoPlist.strings; sourceTree = "<group>"; };
		9A2C014D193B70AE00F72561 /* WorkAngelTestTests.m */ = {isa = PBXFileReference; lastKnownFileType = sourcecode.c.objc; path = WorkAngelTestTests.m; sourceTree = "<group>"; };
		9A2C0158193B72BA00F72561 /* Model.xcdatamodel */ = {isa = PBXFileReference; lastKnownFileType = wrapper.xcdatamodel; path = Model.xcdatamodel; sourceTree = "<group>"; };
		9A2C016D193B7A3900F72561 /* Location.h */ = {isa = PBXFileReference; fileEncoding = 4; lastKnownFileType = sourcecode.c.h; path = Location.h; sourceTree = "<group>"; };
		9A2C016E193B7A3900F72561 /* Location.m */ = {isa = PBXFileReference; fileEncoding = 4; lastKnownFileType = sourcecode.c.objc; path = Location.m; sourceTree = "<group>"; };
		9A2C0170193B7A3900F72561 /* BoardingCard.h */ = {isa = PBXFileReference; fileEncoding = 4; lastKnownFileType = sourcecode.c.h; path = BoardingCard.h; sourceTree = "<group>"; };
		9A2C0171193B7A3900F72561 /* BoardingCard.m */ = {isa = PBXFileReference; fileEncoding = 4; lastKnownFileType = sourcecode.c.objc; path = BoardingCard.m; sourceTree = "<group>"; };
/* End PBXFileReference section */

/* Begin PBXFrameworksBuildPhase section */
		9A2C011C193B70AE00F72561 /* Frameworks */ = {
			isa = PBXFrameworksBuildPhase;
			buildActionMask = 2147483647;
			files = (
				9A2C0125193B70AE00F72561 /* CoreGraphics.framework in Frameworks */,
				9A2C0127193B70AE00F72561 /* UIKit.framework in Frameworks */,
				9A2C0123193B70AE00F72561 /* Foundation.framework in Frameworks */,
			);
			runOnlyForDeploymentPostprocessing = 0;
		};
		9A2C013D193B70AE00F72561 /* Frameworks */ = {
			isa = PBXFrameworksBuildPhase;
			buildActionMask = 2147483647;
			files = (
				9A2C0142193B70AE00F72561 /* XCTest.framework in Frameworks */,
				9A2C0144193B70AE00F72561 /* UIKit.framework in Frameworks */,
				9A2C0143193B70AE00F72561 /* Foundation.framework in Frameworks */,
			);
			runOnlyForDeploymentPostprocessing = 0;
		};
/* End PBXFrameworksBuildPhase section */

/* Begin PBXGroup section */
		9A2C0116193B70AE00F72561 = {
			isa = PBXGroup;
			children = (
				9A2C0128193B70AE00F72561 /* WorkAngelTest */,
				9A2C0147193B70AE00F72561 /* WorkAngelTestTests */,
				9A2C0121193B70AE00F72561 /* Frameworks */,
				9A2C0120193B70AE00F72561 /* Products */,
			);
			sourceTree = "<group>";
		};
		9A2C0120193B70AE00F72561 /* Products */ = {
			isa = PBXGroup;
			children = (
				9A2C011F193B70AE00F72561 /* WorkAngelTest.app */,
				9A2C0140193B70AE00F72561 /* WorkAngelTestTests.xctest */,
			);
			name = Products;
			sourceTree = "<group>";
		};
		9A2C0121193B70AE00F72561 /* Frameworks */ = {
			isa = PBXGroup;
			children = (
				9A2C0122193B70AE00F72561 /* Foundation.framework */,
				9A2C0124193B70AE00F72561 /* CoreGraphics.framework */,
				9A2C0126193B70AE00F72561 /* UIKit.framework */,
				9A2C0141193B70AE00F72561 /* XCTest.framework */,
			);
			name = Frameworks;
			sourceTree = "<group>";
		};
		9A2C0128193B70AE00F72561 /* WorkAngelTest */ = {
			isa = PBXGroup;
			children = (
				9A2C0160193B784300F72561 /* Model */,
				9A2C0131193B70AE00F72561 /* WATAppDelegate.h */,
				9A2C0132193B70AE00F72561 /* WATAppDelegate.m */,
				9A2C0134193B70AE00F72561 /* Main.storyboard */,
				9A2C013A193B70AE00F72561 /* Images.xcassets */,
				9A2C0129193B70AE00F72561 /* Supporting Files */,
			);
			path = WorkAngelTest;
			sourceTree = "<group>";
		};
		9A2C0129193B70AE00F72561 /* Supporting Files */ = {
			isa = PBXGroup;
			children = (
				9A2C012A193B70AE00F72561 /* WorkAngelTest-Info.plist */,
				9A2C012B193B70AE00F72561 /* InfoPlist.strings */,
				9A2C012E193B70AE00F72561 /* main.m */,
				9A2C0130193B70AE00F72561 /* WorkAngelTest-Prefix.pch */,
			);
			name = "Supporting Files";
			sourceTree = "<group>";
		};
		9A2C0147193B70AE00F72561 /* WorkAngelTestTests */ = {
			isa = PBXGroup;
			children = (
				9A2C014D193B70AE00F72561 /* WorkAngelTestTests.m */,
				9A2C0148193B70AE00F72561 /* Supporting Files */,
			);
			path = WorkAngelTestTests;
			sourceTree = "<group>";
		};
		9A2C0148193B70AE00F72561 /* Supporting Files */ = {
			isa = PBXGroup;
			children = (
				9A2C0149193B70AE00F72561 /* WorkAngelTestTests-Info.plist */,
				9A2C014A193B70AE00F72561 /* InfoPlist.strings */,
			);
			name = "Supporting Files";
			sourceTree = "<group>";
		};
		9A2C0160193B784300F72561 /* Model */ = {
			isa = PBXGroup;
			children = (
				9A2C0157193B72BA00F72561 /* Model.xcdatamodeld */,
				9A2C0170193B7A3900F72561 /* BoardingCard.h */,
				9A2C0171193B7A3900F72561 /* BoardingCard.m */,
				9A2C016D193B7A3900F72561 /* Location.h */,
				9A2C016E193B7A3900F72561 /* Location.m */,
			);
			name = Model;
			sourceTree = "<group>";
		};
/* End PBXGroup section */

/* Begin PBXNativeTarget section */
		9A2C011E193B70AE00F72561 /* WorkAngelTest */ = {
			isa = PBXNativeTarget;
			buildConfigurationList = 9A2C0151193B70AE00F72561 /* Build configuration list for PBXNativeTarget "WorkAngelTest" */;
			buildPhases = (
				9A2C011B193B70AE00F72561 /* Sources */,
				9A2C011C193B70AE00F72561 /* Frameworks */,
				9A2C011D193B70AE00F72561 /* Resources */,
			);
			buildRules = (
			);
			dependencies = (
			);
			name = WorkAngelTest;
			productName = WorkAngelTest;
			productReference = 9A2C011F193B70AE00F72561 /* WorkAngelTest.app */;
			productType = "com.apple.product-type.application";
		};
		9A2C013F193B70AE00F72561 /* WorkAngelTestTests */ = {
			isa = PBXNativeTarget;
			buildConfigurationList = 9A2C0154193B70AE00F72561 /* Build configuration list for PBXNativeTarget "WorkAngelTestTests" */;
			buildPhases = (
				9A2C013C193B70AE00F72561 /* Sources */,
				9A2C013D193B70AE00F72561 /* Frameworks */,
				9A2C013E193B70AE00F72561 /* Resources */,
			);
			buildRules = (
			);
			dependencies = (
				9A2C0146193B70AE00F72561 /* PBXTargetDependency */,
			);
			name = WorkAngelTestTests;
			productName = WorkAngelTestTests;
			productReference = 9A2C0140193B70AE00F72561 /* WorkAngelTestTests.xctest */;
			productType = "com.apple.product-type.bundle.unit-test";
		};
/* End PBXNativeTarget section */

/* Begin PBXProject section */
		9A2C0117193B70AE00F72561 /* Project object */ = {
			isa = PBXProject;
			attributes = {
				CLASSPREFIX = WAT;
				LastUpgradeCheck = 0510;
				ORGANIZATIONNAME = "Tiago Silva";
				TargetAttributes = {
					9A2C013F193B70AE00F72561 = {
						TestTargetID = 9A2C011E193B70AE00F72561;
					};
				};
			};
			buildConfigurationList = 9A2C011A193B70AE00F72561 /* Build configuration list for PBXProject "WorkAngelTest" */;
			compatibilityVersion = "Xcode 3.2";
			developmentRegion = English;
			hasScannedForEncodings = 0;
			knownRegions = (
				en,
				Base,
			);
			mainGroup = 9A2C0116193B70AE00F72561;
			productRefGroup = 9A2C0120193B70AE00F72561 /* Products */;
			projectDirPath = "";
			projectRoot = "";
			targets = (
				9A2C011E193B70AE00F72561 /* WorkAngelTest */,
				9A2C013F193B70AE00F72561 /* WorkAngelTestTests */,
			);
		};
/* End PBXProject section */

/* Begin PBXResourcesBuildPhase section */
		9A2C011D193B70AE00F72561 /* Resources */ = {
			isa = PBXResourcesBuildPhase;
			buildActionMask = 2147483647;
			files = (
				9A2C013B193B70AE00F72561 /* Images.xcassets in Resources */,
				9A2C012D193B70AE00F72561 /* InfoPlist.strings in Resources */,
				9A2C0136193B70AE00F72561 /* Main.storyboard in Resources */,
			);
			runOnlyForDeploymentPostprocessing = 0;
		};
		9A2C013E193B70AE00F72561 /* Resources */ = {
			isa = PBXResourcesBuildPhase;
			buildActionMask = 2147483647;
			files = (
				9A2C014C193B70AE00F72561 /* InfoPlist.strings in Resources */,
			);
			runOnlyForDeploymentPostprocessing = 0;
		};
/* End PBXResourcesBuildPhase section */

/* Begin PBXSourcesBuildPhase section */
		9A2C011B193B70AE00F72561 /* Sources */ = {
			isa = PBXSourcesBuildPhase;
			buildActionMask = 2147483647;
			files = (
				9A2C012F193B70AE00F72561 /* main.m in Sources */,
				9A2C0133193B70AE00F72561 /* WATAppDelegate.m in Sources */,
				9A2C016F193B7A3900F72561 /* Location.m in Sources */,
				9A2C0172193B7A3900F72561 /* BoardingCard.m in Sources */,
				9A2C0159193B72BA00F72561 /* Model.xcdatamodeld in Sources */,
			);
			runOnlyForDeploymentPostprocessing = 0;
		};
		9A2C013C193B70AE00F72561 /* Sources */ = {
			isa = PBXSourcesBuildPhase;
			buildActionMask = 2147483647;
			files = (
				9A2C014E193B70AE00F72561 /* WorkAngelTestTests.m in Sources */,
			);
			runOnlyForDeploymentPostprocessing = 0;
		};
/* End PBXSourcesBuildPhase section */

/* Begin PBXTargetDependency section */
		9A2C0146193B70AE00F72561 /* PBXTargetDependency */ = {
			isa = PBXTargetDependency;
			target = 9A2C011E193B70AE00F72561 /* WorkAngelTest */;
			targetProxy = 9A2C0145193B70AE00F72561 /* PBXContainerItemProxy */;
		};
/* End PBXTargetDependency section */

/* Begin PBXVariantGroup section */
		9A2C012B193B70AE00F72561 /* InfoPlist.strings */ = {
			isa = PBXVariantGroup;
			children = (
				9A2C012C193B70AE00F72561 /* en */,
			);
			name = InfoPlist.strings;
			sourceTree = "<group>";
		};
		9A2C0134193B70AE00F72561 /* Main.storyboard */ = {
			isa = PBXVariantGroup;
			children = (
				9A2C0135193B70AE00F72561 /* Base */,
			);
			name = Main.storyboard;
			sourceTree = "<group>";
		};
		9A2C014A193B70AE00F72561 /* InfoPlist.strings */ = {
			isa = PBXVariantGroup;
			children = (
				9A2C014B193B70AE00F72561 /* en */,
			);
			name = InfoPlist.strings;
			sourceTree = "<group>";
		};
/* End PBXVariantGroup section */

/* Begin XCBuildConfiguration section */
		9A2C014F193B70AE00F72561 /* Debug */ = {
			isa = XCBuildConfiguration;
			buildSettings = {
				ALWAYS_SEARCH_USER_PATHS = NO;
				CLANG_CXX_LANGUAGE_STANDARD = "gnu++0x";
				CLANG_CXX_LIBRARY = "libc++";
				CLANG_ENABLE_MODULES = YES;
				CLANG_ENABLE_OBJC_ARC = YES;
				CLANG_WARN_BOOL_CONVERSION = YES;
				CLANG_WARN_CONSTANT_CONVERSION = YES;
				CLANG_WARN_DIRECT_OBJC_ISA_USAGE = YES_ERROR;
				CLANG_WARN_EMPTY_BODY = YES;
				CLANG_WARN_ENUM_CONVERSION = YES;
				CLANG_WARN_INT_CONVERSION = YES;
				CLANG_WARN_OBJC_ROOT_CLASS = YES_ERROR;
				CLANG_WARN__DUPLICATE_METHOD_MATCH = YES;
				"CODE_SIGN_IDENTITY[sdk=iphoneos*]" = "iPhone Developer";
				COPY_PHASE_STRIP = NO;
				GCC_C_LANGUAGE_STANDARD = gnu99;
				GCC_DYNAMIC_NO_PIC = NO;
				GCC_OPTIMIZATION_LEVEL = 0;
				GCC_PREPROCESSOR_DEFINITIONS = (
					"DEBUG=1",
					"$(inherited)",
				);
				GCC_SYMBOLS_PRIVATE_EXTERN = NO;
				GCC_WARN_64_TO_32_BIT_CONVERSION = YES;
				GCC_WARN_ABOUT_RETURN_TYPE = YES_ERROR;
				GCC_WARN_UNDECLARED_SELECTOR = YES;
				GCC_WARN_UNINITIALIZED_AUTOS = YES_AGGRESSIVE;
				GCC_WARN_UNUSED_FUNCTION = YES;
				GCC_WARN_UNUSED_VARIABLE = YES;
				IPHONEOS_DEPLOYMENT_TARGET = 7.1;
				ONLY_ACTIVE_ARCH = YES;
				SDKROOT = iphoneos;
			};
			name = Debug;
		};
		9A2C0150193B70AE00F72561 /* Release */ = {
			isa = XCBuildConfiguration;
			buildSettings = {
				ALWAYS_SEARCH_USER_PATHS = NO;
				CLANG_CXX_LANGUAGE_STANDARD = "gnu++0x";
				CLANG_CXX_LIBRARY = "libc++";
				CLANG_ENABLE_MODULES = YES;
				CLANG_ENABLE_OBJC_ARC = YES;
				CLANG_WARN_BOOL_CONVERSION = YES;
				CLANG_WARN_CONSTANT_CONVERSION = YES;
				CLANG_WARN_DIRECT_OBJC_ISA_USAGE = YES_ERROR;
				CLANG_WARN_EMPTY_BODY = YES;
				CLANG_WARN_ENUM_CONVERSION = YES;
				CLANG_WARN_INT_CONVERSION = YES;
				CLANG_WARN_OBJC_ROOT_CLASS = YES_ERROR;
				CLANG_WARN__DUPLICATE_METHOD_MATCH = YES;
				"CODE_SIGN_IDENTITY[sdk=iphoneos*]" = "iPhone Developer";
				COPY_PHASE_STRIP = YES;
				ENABLE_NS_ASSERTIONS = NO;
				GCC_C_LANGUAGE_STANDARD = gnu99;
				GCC_WARN_64_TO_32_BIT_CONVERSION = YES;
				GCC_WARN_ABOUT_RETURN_TYPE = YES_ERROR;
				GCC_WARN_UNDECLARED_SELECTOR = YES;
				GCC_WARN_UNINITIALIZED_AUTOS = YES_AGGRESSIVE;
				GCC_WARN_UNUSED_FUNCTION = YES;
				GCC_WARN_UNUSED_VARIABLE = YES;
				IPHONEOS_DEPLOYMENT_TARGET = 7.1;
				SDKROOT = iphoneos;
				VALIDATE_PRODUCT = YES;
			};
			name = Release;
		};
		9A2C0152193B70AE00F72561 /* Debug */ = {
			isa = XCBuildConfiguration;
			buildSettings = {
				ASSETCATALOG_COMPILER_APPICON_NAME = AppIcon;
				ASSETCATALOG_COMPILER_LAUNCHIMAGE_NAME = LaunchImage;
				GCC_PRECOMPILE_PREFIX_HEADER = YES;
				GCC_PREFIX_HEADER = "WorkAngelTest/WorkAngelTest-Prefix.pch";
				INFOPLIST_FILE = "WorkAngelTest/WorkAngelTest-Info.plist";
				PRODUCT_NAME = "$(TARGET_NAME)";
				WRAPPER_EXTENSION = app;
			};
			name = Debug;
		};
		9A2C0153193B70AE00F72561 /* Release */ = {
			isa = XCBuildConfiguration;
			buildSettings = {
				ASSETCATALOG_COMPILER_APPICON_NAME = AppIcon;
				ASSETCATALOG_COMPILER_LAUNCHIMAGE_NAME = LaunchImage;
				GCC_PRECOMPILE_PREFIX_HEADER = YES;
				GCC_PREFIX_HEADER = "WorkAngelTest/WorkAngelTest-Prefix.pch";
				INFOPLIST_FILE = "WorkAngelTest/WorkAngelTest-Info.plist";
				PRODUCT_NAME = "$(TARGET_NAME)";
				WRAPPER_EXTENSION = app;
			};
			name = Release;
		};
		9A2C0155193B70AE00F72561 /* Debug */ = {
			isa = XCBuildConfiguration;
			buildSettings = {
				BUNDLE_LOADER = "$(BUILT_PRODUCTS_DIR)/WorkAngelTest.app/WorkAngelTest";
				FRAMEWORK_SEARCH_PATHS = (
					"$(SDKROOT)/Developer/Library/Frameworks",
					"$(inherited)",
					"$(DEVELOPER_FRAMEWORKS_DIR)",
				);
				GCC_PRECOMPILE_PREFIX_HEADER = YES;
				GCC_PREFIX_HEADER = "WorkAngelTest/WorkAngelTest-Prefix.pch";
				GCC_PREPROCESSOR_DEFINITIONS = (
					"DEBUG=1",
					"$(inherited)",
				);
				INFOPLIST_FILE = "WorkAngelTestTests/WorkAngelTestTests-Info.plist";
				PRODUCT_NAME = "$(TARGET_NAME)";
				TEST_HOST = "$(BUNDLE_LOADER)";
				WRAPPER_EXTENSION = xctest;
			};
			name = Debug;
		};
		9A2C0156193B70AE00F72561 /* Release */ = {
			isa = XCBuildConfiguration;
			buildSettings = {
				BUNDLE_LOADER = "$(BUILT_PRODUCTS_DIR)/WorkAngelTest.app/WorkAngelTest";
				FRAMEWORK_SEARCH_PATHS = (
					"$(SDKROOT)/Developer/Library/Frameworks",
					"$(inherited)",
					"$(DEVELOPER_FRAMEWORKS_DIR)",
				);
				GCC_PRECOMPILE_PREFIX_HEADER = YES;
				GCC_PREFIX_HEADER = "WorkAngelTest/WorkAngelTest-Prefix.pch";
				INFOPLIST_FILE = "WorkAngelTestTests/WorkAngelTestTests-Info.plist";
				PRODUCT_NAME = "$(TARGET_NAME)";
				TEST_HOST = "$(BUNDLE_LOADER)";
				WRAPPER_EXTENSION = xctest;
			};
			name = Release;
		};
/* End XCBuildConfiguration section */

/* Begin XCConfigurationList section */
		9A2C011A193B70AE00F72561 /* Build configuration list for PBXProject "WorkAngelTest" */ = {
			isa = XCConfigurationList;
			buildConfigurations = (
				9A2C014F193B70AE00F72561 /* Debug */,
				9A2C0150193B70AE00F72561 /* Release */,
			);
			defaultConfigurationIsVisible = 0;
			defaultConfigurationName = Release;
		};
		9A2C0151193B70AE00F72561 /* Build configuration list for PBXNativeTarget "WorkAngelTest" */ = {
			isa = XCConfigurationList;
			buildConfigurations = (
				9A2C0152193B70AE00F72561 /* Debug */,
				9A2C0153193B70AE00F72561 /* Release */,
			);
			defaultConfigurationIsVisible = 0;
		};
		9A2C0154193B70AE00F72561 /* Build configuration list for PBXNativeTarget "WorkAngelTestTests" */ = {
			isa = XCConfigurationList;
			buildConfigurations = (
				9A2C0155193B70AE00F72561 /* Debug */,
				9A2C0156193B70AE00F72561 /* Release */,
			);
			defaultConfigurationIsVisible = 0;
		};
/* End XCConfigurationList section */

/* Begin XCVersionGroup section */
		9A2C0157193B72BA00F72561 /* Model.xcdatamodeld */ = {
			isa = XCVersionGroup;
			children = (
				9A2C0158193B72BA00F72561 /* Model.xcdatamodel */,
			);
			currentVersion = 9A2C0158193B72BA00F72561 /* Model.xcdatamodel */;
			path = Model.xcdatamodeld;
			sourceTree = "<group>";
			versionGroupType = wrapper.xcdatamodel;
		};
/* End XCVersionGroup section */
	};
	rootObject = 9A2C0117193B70AE00F72561 /* Project object */;
}
